
Microsoft Visual Studio Solution File, Format Version 12.00
# Visual Studio Version 17
VisualStudioVersion = 17.9.34723.18
MinimumVisualStudioVersion = 10.0.40219.1
Project("{9A19103F-16F7-4668-BE54-9A1E7A4F7556}") = "myblazor", "myblazor\myblazor.csproj", "{2EBE2791-8761-414F-97CD-BF1AB2AC3D18}"
EndProject
Project("{9A19103F-16F7-4668-BE54-9A1E7A4F7556}") = "myshared", "myshared\myshared.csproj", "{3A3D79FC-312F-48D3-8B5F-D184ED8FA035}"
EndProject
Project("{FAE04EC0-301F-11D3-BF4B-00C04F79EFBC}") = "myapi", "myapi\myapi.csproj", "{6869B342-1E18-4C69-9B87-CCC33B84F02D}"
EndProject
Global
	GlobalSection(SolutionConfigurationPlatforms) = preSolution
		Debug|Any CPU = Debug|Any CPU
		Release|Any CPU = Release|Any CPU
	EndGlobalSection
	GlobalSection(ProjectConfigurationPlatforms) = postSolution
		{2EBE2791-8761-414F-97CD-BF1AB2AC3D18}.Debug|Any CPU.ActiveCfg = Debug|Any CPU
		{2EBE2791-8761-414F-97CD-BF1AB2AC3D18}.Debug|Any CPU.Build.0 = Debug|Any CPU
		{2EBE2791-8761-414F-97CD-BF1AB2AC3D18}.Release|Any CPU.ActiveCfg = Release|Any CPU
		{2EBE2791-8761-414F-97CD-BF1AB2AC3D18}.Release|Any CPU.Build.0 = Release|Any CPU
		{3A3D79FC-312F-48D3-8B5F-D184ED8FA035}.Debug|Any CPU.ActiveCfg = Debug|Any CPU
		{3A3D79FC-312F-48D3-8B5F-D184ED8FA035}.Debug|Any CPU.Build.0 = Debug|Any CPU
		{3A3D79FC-312F-48D3-8B5F-D184ED8FA035}.Release|Any CPU.ActiveCfg = Release|Any CPU
		{3A3D79FC-312F-48D3-8B5F-D184ED8FA035}.Release|Any CPU.Build.0 = Release|Any CPU
		{6869B342-1E18-4C69-9B87-CCC33B84F02D}.Debug|Any CPU.ActiveCfg = Debug|Any CPU
		{6869B342-1E18-4C69-9B87-CCC33B84F02D}.Debug|Any CPU.Build.0 = Debug|Any CPU
		{6869B342-1E18-4C69-9B87-CCC33B84F02D}.Release|Any CPU.ActiveCfg = Release|Any CPU
		{6869B342-1E18-4C69-9B87-CCC33B84F02D}.Release|Any CPU.Build.0 = Release|Any CPU
	EndGlobalSection
	GlobalSection(SolutionProperties) = preSolution
		HideSolutionNode = FALSE
	EndGlobalSection
	GlobalSection(ExtensibilityGlobals) = postSolution
		SolutionGuid = {B013071C-0D4D-417F-8359-04D9B2F6D76F}
	EndGlobalSection
EndGlobal
